// !$*UTF8*$!
{
	archiveVersion = 1;
	classes = {
	};
	objectVersion = 51;
	objects = {

/* Begin PBXBuildFile section */
		594C8E030359C00DE5FB590E /* Pods_instagram.framework in Frameworks */ = {isa = PBXBuildFile; fileRef = 5412723B24BE295F941B9A48 /* Pods_instagram.framework */; };
		D151C967251CF1CE00953623 /* AppDelegate.swift in Sources */ = {isa = PBXBuildFile; fileRef = D151C966251CF1CE00953623 /* AppDelegate.swift */; };
		D151C969251CF1CE00953623 /* SceneDelegate.swift in Sources */ = {isa = PBXBuildFile; fileRef = D151C968251CF1CE00953623 /* SceneDelegate.swift */; };
		D151C96B251CF1CE00953623 /* HomeViewController.swift in Sources */ = {isa = PBXBuildFile; fileRef = D151C96A251CF1CE00953623 /* HomeViewController.swift */; };
		D151C96E251CF1CE00953623 /* Main.storyboard in Resources */ = {isa = PBXBuildFile; fileRef = D151C96C251CF1CE00953623 /* Main.storyboard */; };
		D151C970251CF1D200953623 /* Assets.xcassets in Resources */ = {isa = PBXBuildFile; fileRef = D151C96F251CF1D200953623 /* Assets.xcassets */; };
		D151C973251CF1D200953623 /* LaunchScreen.storyboard in Resources */ = {isa = PBXBuildFile; fileRef = D151C971251CF1D200953623 /* LaunchScreen.storyboard */; };
		D151C980251CF32A00953623 /* ExploreViewController.swift in Sources */ = {isa = PBXBuildFile; fileRef = D151C97F251CF32A00953623 /* ExploreViewController.swift */; };
		D151C982251CF33900953623 /* CameraViewController.swift in Sources */ = {isa = PBXBuildFile; fileRef = D151C981251CF33900953623 /* CameraViewController.swift */; };
		D151C984251CF35200953623 /* NotificationViewController.swift in Sources */ = {isa = PBXBuildFile; fileRef = D151C983251CF35200953623 /* NotificationViewController.swift */; };
		D151C986251CF35D00953623 /* ProfileViewController.swift in Sources */ = {isa = PBXBuildFile; fileRef = D151C985251CF35D00953623 /* ProfileViewController.swift */; };
		D151C98A251CF3B900953623 /* LoginViewController.swift in Sources */ = {isa = PBXBuildFile; fileRef = D151C989251CF3B900953623 /* LoginViewController.swift */; };
		D151C98C251CF3C800953623 /* RegistrationViewController.swift in Sources */ = {isa = PBXBuildFile; fileRef = D151C98B251CF3C800953623 /* RegistrationViewController.swift */; };
		D151C98F251CF41B00953623 /* PostViewController.swift in Sources */ = {isa = PBXBuildFile; fileRef = D151C98E251CF41B00953623 /* PostViewController.swift */; };
		D151C991251CF43A00953623 /* EditProfileViewController.swift in Sources */ = {isa = PBXBuildFile; fileRef = D151C990251CF43A00953623 /* EditProfileViewController.swift */; };
		D151C993251CF47400953623 /* SettingsViewController.swift in Sources */ = {isa = PBXBuildFile; fileRef = D151C992251CF47400953623 /* SettingsViewController.swift */; };
		D151C995251CF48300953623 /* ListViewController.swift in Sources */ = {isa = PBXBuildFile; fileRef = D151C994251CF48300953623 /* ListViewController.swift */; };
		D151C997251CF49200953623 /* SearchViewController.swift in Sources */ = {isa = PBXBuildFile; fileRef = D151C996251CF49200953623 /* SearchViewController.swift */; };
		D151C999251CF4A800953623 /* SearchResultViewController.swift in Sources */ = {isa = PBXBuildFile; fileRef = D151C998251CF4A800953623 /* SearchResultViewController.swift */; };
		D151C99B251CF4DC00953623 /* PostEditorViewController.swift in Sources */ = {isa = PBXBuildFile; fileRef = D151C99A251CF4DC00953623 /* PostEditorViewController.swift */; };
		D151C99D251CF4EE00953623 /* PublishPostViewController.swift in Sources */ = {isa = PBXBuildFile; fileRef = D151C99C251CF4EE00953623 /* PublishPostViewController.swift */; };
		D151C9A1251D021500953623 /* GoogleService-Info.plist in Resources */ = {isa = PBXBuildFile; fileRef = D151C9A0251D021500953623 /* GoogleService-Info.plist */; };
		D151C9A4251D04D400953623 /* DatabaseManager.swift in Sources */ = {isa = PBXBuildFile; fileRef = D151C9A3251D04D400953623 /* DatabaseManager.swift */; };
		D151C9A6251D057800953623 /* AuthManager.swift in Sources */ = {isa = PBXBuildFile; fileRef = D151C9A5251D057800953623 /* AuthManager.swift */; };
		D151C9A8251D05C400953623 /* StorageManager.swift in Sources */ = {isa = PBXBuildFile; fileRef = D151C9A7251D05C400953623 /* StorageManager.swift */; };
		D151C9AA251D0A6200953623 /* Extensions.swift in Sources */ = {isa = PBXBuildFile; fileRef = D151C9A9251D0A6200953623 /* Extensions.swift */; };
/* End PBXBuildFile section */

/* Begin PBXFileReference section */
		5412723B24BE295F941B9A48 /* Pods_instagram.framework */ = {isa = PBXFileReference; explicitFileType = wrapper.framework; includeInIndex = 0; path = Pods_instagram.framework; sourceTree = BUILT_PRODUCTS_DIR; };
		83F4CAB381B860A8AA257B60 /* Pods-instagram.release.xcconfig */ = {isa = PBXFileReference; includeInIndex = 1; lastKnownFileType = text.xcconfig; name = "Pods-instagram.release.xcconfig"; path = "Target Support Files/Pods-instagram/Pods-instagram.release.xcconfig"; sourceTree = "<group>"; };
		D151C963251CF1CE00953623 /* instagram.app */ = {isa = PBXFileReference; explicitFileType = wrapper.application; includeInIndex = 0; path = instagram.app; sourceTree = BUILT_PRODUCTS_DIR; };
		D151C966251CF1CE00953623 /* AppDelegate.swift */ = {isa = PBXFileReference; lastKnownFileType = sourcecode.swift; path = AppDelegate.swift; sourceTree = "<group>"; };
		D151C968251CF1CE00953623 /* SceneDelegate.swift */ = {isa = PBXFileReference; lastKnownFileType = sourcecode.swift; path = SceneDelegate.swift; sourceTree = "<group>"; };
		D151C96A251CF1CE00953623 /* HomeViewController.swift */ = {isa = PBXFileReference; lastKnownFileType = sourcecode.swift; path = HomeViewController.swift; sourceTree = "<group>"; };
		D151C96D251CF1CE00953623 /* Base */ = {isa = PBXFileReference; lastKnownFileType = file.storyboard; name = Base; path = Base.lproj/Main.storyboard; sourceTree = "<group>"; };
		D151C96F251CF1D200953623 /* Assets.xcassets */ = {isa = PBXFileReference; lastKnownFileType = folder.assetcatalog; path = Assets.xcassets; sourceTree = "<group>"; };
		D151C972251CF1D200953623 /* Base */ = {isa = PBXFileReference; lastKnownFileType = file.storyboard; name = Base; path = Base.lproj/LaunchScreen.storyboard; sourceTree = "<group>"; };
		D151C974251CF1D200953623 /* Info.plist */ = {isa = PBXFileReference; lastKnownFileType = text.plist.xml; path = Info.plist; sourceTree = "<group>"; };
		D151C97F251CF32A00953623 /* ExploreViewController.swift */ = {isa = PBXFileReference; lastKnownFileType = sourcecode.swift; path = ExploreViewController.swift; sourceTree = "<group>"; };
		D151C981251CF33900953623 /* CameraViewController.swift */ = {isa = PBXFileReference; lastKnownFileType = sourcecode.swift; path = CameraViewController.swift; sourceTree = "<group>"; };
		D151C983251CF35200953623 /* NotificationViewController.swift */ = {isa = PBXFileReference; lastKnownFileType = sourcecode.swift; path = NotificationViewController.swift; sourceTree = "<group>"; };
		D151C985251CF35D00953623 /* ProfileViewController.swift */ = {isa = PBXFileReference; lastKnownFileType = sourcecode.swift; path = ProfileViewController.swift; sourceTree = "<group>"; };
		D151C989251CF3B900953623 /* LoginViewController.swift */ = {isa = PBXFileReference; lastKnownFileType = sourcecode.swift; path = LoginViewController.swift; sourceTree = "<group>"; };
		D151C98B251CF3C800953623 /* RegistrationViewController.swift */ = {isa = PBXFileReference; lastKnownFileType = sourcecode.swift; path = RegistrationViewController.swift; sourceTree = "<group>"; };
		D151C98E251CF41B00953623 /* PostViewController.swift */ = {isa = PBXFileReference; lastKnownFileType = sourcecode.swift; path = PostViewController.swift; sourceTree = "<group>"; };
		D151C990251CF43A00953623 /* EditProfileViewController.swift */ = {isa = PBXFileReference; lastKnownFileType = sourcecode.swift; path = EditProfileViewController.swift; sourceTree = "<group>"; };
		D151C992251CF47400953623 /* SettingsViewController.swift */ = {isa = PBXFileReference; lastKnownFileType = sourcecode.swift; path = SettingsViewController.swift; sourceTree = "<group>"; };
		D151C994251CF48300953623 /* ListViewController.swift */ = {isa = PBXFileReference; lastKnownFileType = sourcecode.swift; path = ListViewController.swift; sourceTree = "<group>"; };
		D151C996251CF49200953623 /* SearchViewController.swift */ = {isa = PBXFileReference; lastKnownFileType = sourcecode.swift; path = SearchViewController.swift; sourceTree = "<group>"; };
		D151C998251CF4A800953623 /* SearchResultViewController.swift */ = {isa = PBXFileReference; lastKnownFileType = sourcecode.swift; path = SearchResultViewController.swift; sourceTree = "<group>"; };
		D151C99A251CF4DC00953623 /* PostEditorViewController.swift */ = {isa = PBXFileReference; lastKnownFileType = sourcecode.swift; path = PostEditorViewController.swift; sourceTree = "<group>"; };
		D151C99C251CF4EE00953623 /* PublishPostViewController.swift */ = {isa = PBXFileReference; lastKnownFileType = sourcecode.swift; path = PublishPostViewController.swift; sourceTree = "<group>"; };
		D151C9A0251D021500953623 /* GoogleService-Info.plist */ = {isa = PBXFileReference; fileEncoding = 4; lastKnownFileType = text.plist.xml; name = "GoogleService-Info.plist"; path = "../../../../Desktop/GoogleService-Info.plist"; sourceTree = "<group>"; };
		D151C9A3251D04D400953623 /* DatabaseManager.swift */ = {isa = PBXFileReference; lastKnownFileType = sourcecode.swift; path = DatabaseManager.swift; sourceTree = "<group>"; };
		D151C9A5251D057800953623 /* AuthManager.swift */ = {isa = PBXFileReference; lastKnownFileType = sourcecode.swift; path = AuthManager.swift; sourceTree = "<group>"; };
		D151C9A7251D05C400953623 /* StorageManager.swift */ = {isa = PBXFileReference; lastKnownFileType = sourcecode.swift; path = StorageManager.swift; sourceTree = "<group>"; };
		D151C9A9251D0A6200953623 /* Extensions.swift */ = {isa = PBXFileReference; lastKnownFileType = sourcecode.swift; path = Extensions.swift; sourceTree = "<group>"; };
		FF1CB98D88F909206149E390 /* Pods-instagram.debug.xcconfig */ = {isa = PBXFileReference; includeInIndex = 1; lastKnownFileType = text.xcconfig; name = "Pods-instagram.debug.xcconfig"; path = "Target Support Files/Pods-instagram/Pods-instagram.debug.xcconfig"; sourceTree = "<group>"; };
/* End PBXFileReference section */

/* Begin PBXFrameworksBuildPhase section */
		D151C960251CF1CE00953623 /* Frameworks */ = {
			isa = PBXFrameworksBuildPhase;
			buildActionMask = 2147483647;
			files = (
				594C8E030359C00DE5FB590E /* Pods_instagram.framework in Frameworks */,
			);
			runOnlyForDeploymentPostprocessing = 0;
		};
/* End PBXFrameworksBuildPhase section */

/* Begin PBXGroup section */
		54DF1405A14664996DC54A69 /* Frameworks */ = {
			isa = PBXGroup;
			children = (
				5412723B24BE295F941B9A48 /* Pods_instagram.framework */,
			);
			name = Frameworks;
			sourceTree = "<group>";
		};
		D151C95A251CF1CE00953623 = {
			isa = PBXGroup;
			children = (
				D151C965251CF1CE00953623 /* instagram */,
				D151C964251CF1CE00953623 /* Products */,
				F82AB5AA80A6CCFF59ADFE60 /* Pods */,
				54DF1405A14664996DC54A69 /* Frameworks */,
			);
			sourceTree = "<group>";
		};
		D151C964251CF1CE00953623 /* Products */ = {
			isa = PBXGroup;
			children = (
				D151C963251CF1CE00953623 /* instagram.app */,
			);
			name = Products;
			sourceTree = "<group>";
		};
		D151C965251CF1CE00953623 /* instagram */ = {
			isa = PBXGroup;
			children = (
				D151C97D251CF23200953623 /* Resources */,
				D151C97C251CF22D00953623 /* Models */,
				D151C97B251CF22A00953623 /* Views */,
				D151C97A251CF22500953623 /* Controllers */,
				D151C974251CF1D200953623 /* Info.plist */,
			);
			path = instagram;
			sourceTree = "<group>";
		};
		D151C97A251CF22500953623 /* Controllers */ = {
			isa = PBXGroup;
			children = (
				D151C988251CF39800953623 /* Other */,
				D151C987251CF37100953623 /* Core Tabs */,
			);
			path = Controllers;
			sourceTree = "<group>";
		};
		D151C97B251CF22A00953623 /* Views */ = {
			isa = PBXGroup;
			children = (
				D151C97E251CF2B900953623 /* Storyboards */,
				D151C96F251CF1D200953623 /* Assets.xcassets */,
			);
			path = Views;
			sourceTree = "<group>";
		};
		D151C97C251CF22D00953623 /* Models */ = {
			isa = PBXGroup;
			children = (
			);
			path = Models;
			sourceTree = "<group>";
		};
		D151C97D251CF23200953623 /* Resources */ = {
			isa = PBXGroup;
			children = (
				D151C9A0251D021500953623 /* GoogleService-Info.plist */,
				D151C966251CF1CE00953623 /* AppDelegate.swift */,
				D151C968251CF1CE00953623 /* SceneDelegate.swift */,
				D151C9A3251D04D400953623 /* DatabaseManager.swift */,
				D151C9A5251D057800953623 /* AuthManager.swift */,
				D151C9A7251D05C400953623 /* StorageManager.swift */,
				D151C9A9251D0A6200953623 /* Extensions.swift */,
			);
			path = Resources;
			sourceTree = "<group>";
		};
		D151C97E251CF2B900953623 /* Storyboards */ = {
			isa = PBXGroup;
			children = (
				D151C96C251CF1CE00953623 /* Main.storyboard */,
				D151C971251CF1D200953623 /* LaunchScreen.storyboard */,
			);
			path = Storyboards;
			sourceTree = "<group>";
		};
		D151C987251CF37100953623 /* Core Tabs */ = {
			isa = PBXGroup;
			children = (
				D151C96A251CF1CE00953623 /* HomeViewController.swift */,
				D151C97F251CF32A00953623 /* ExploreViewController.swift */,
				D151C981251CF33900953623 /* CameraViewController.swift */,
				D151C983251CF35200953623 /* NotificationViewController.swift */,
				D151C985251CF35D00953623 /* ProfileViewController.swift */,
			);
			path = "Core Tabs";
			sourceTree = "<group>";
		};
		D151C988251CF39800953623 /* Other */ = {
			isa = PBXGroup;
			children = (
				D151C98D251CF40400953623 /* Onboarding */,
				D151C9A2251D043B00953623 /* General */,
			);
			path = Other;
			sourceTree = "<group>";
		};
		D151C98D251CF40400953623 /* Onboarding */ = {
			isa = PBXGroup;
			children = (
				D151C989251CF3B900953623 /* LoginViewController.swift */,
				D151C98B251CF3C800953623 /* RegistrationViewController.swift */,
			);
			path = Onboarding;
			sourceTree = "<group>";
		};
		D151C9A2251D043B00953623 /* General */ = {
			isa = PBXGroup;
			children = (
				D151C98E251CF41B00953623 /* PostViewController.swift */,
				D151C990251CF43A00953623 /* EditProfileViewController.swift */,
				D151C992251CF47400953623 /* SettingsViewController.swift */,
				D151C994251CF48300953623 /* ListViewController.swift */,
				D151C996251CF49200953623 /* SearchViewController.swift */,
				D151C998251CF4A800953623 /* SearchResultViewController.swift */,
				D151C99A251CF4DC00953623 /* PostEditorViewController.swift */,
				D151C99C251CF4EE00953623 /* PublishPostViewController.swift */,
			);
			path = General;
			sourceTree = "<group>";
		};
		F82AB5AA80A6CCFF59ADFE60 /* Pods */ = {
			isa = PBXGroup;
			children = (
				FF1CB98D88F909206149E390 /* Pods-instagram.debug.xcconfig */,
				83F4CAB381B860A8AA257B60 /* Pods-instagram.release.xcconfig */,
			);
			path = Pods;
			sourceTree = "<group>";
		};
/* End PBXGroup section */

/* Begin PBXNativeTarget section */
		D151C962251CF1CE00953623 /* instagram */ = {
			isa = PBXNativeTarget;
			buildConfigurationList = D151C977251CF1D200953623 /* Build configuration list for PBXNativeTarget "instagram" */;
			buildPhases = (
				27211A03AA2A9A2AB99A08AD /* [CP] Check Pods Manifest.lock */,
				D151C95F251CF1CE00953623 /* Sources */,
				D151C960251CF1CE00953623 /* Frameworks */,
				D151C961251CF1CE00953623 /* Resources */,
				E9921A3FC4F82C417BB6618B /* [CP] Embed Pods Frameworks */,
			);
			buildRules = (
			);
			dependencies = (
			);
			name = instagram;
			productName = instagram;
			productReference = D151C963251CF1CE00953623 /* instagram.app */;
			productType = "com.apple.product-type.application";
		};
/* End PBXNativeTarget section */

/* Begin PBXProject section */
		D151C95B251CF1CE00953623 /* Project object */ = {
			isa = PBXProject;
			attributes = {
				LastSwiftUpdateCheck = 1170;
				LastUpgradeCheck = 1170;
				ORGANIZATIONNAME = "yushi kida";
				TargetAttributes = {
					D151C962251CF1CE00953623 = {
						CreatedOnToolsVersion = 11.7;
					};
				};
			};
			buildConfigurationList = D151C95E251CF1CE00953623 /* Build configuration list for PBXProject "instagram" */;
			compatibilityVersion = "Xcode 9.3";
			developmentRegion = en;
			hasScannedForEncodings = 0;
			knownRegions = (
				en,
				Base,
			);
			mainGroup = D151C95A251CF1CE00953623;
			productRefGroup = D151C964251CF1CE00953623 /* Products */;
			projectDirPath = "";
			projectRoot = "";
			targets = (
				D151C962251CF1CE00953623 /* instagram */,
			);
		};
/* End PBXProject section */

/* Begin PBXResourcesBuildPhase section */
		D151C961251CF1CE00953623 /* Resources */ = {
			isa = PBXResourcesBuildPhase;
			buildActionMask = 2147483647;
			files = (
				D151C973251CF1D200953623 /* LaunchScreen.storyboard in Resources */,
				D151C9A1251D021500953623 /* GoogleService-Info.plist in Resources */,
				D151C970251CF1D200953623 /* Assets.xcassets in Resources */,
				D151C96E251CF1CE00953623 /* Main.storyboard in Resources */,
			);
			runOnlyForDeploymentPostprocessing = 0;
		};
/* End PBXResourcesBuildPhase section */

/* Begin PBXShellScriptBuildPhase section */
		27211A03AA2A9A2AB99A08AD /* [CP] Check Pods Manifest.lock */ = {
			isa = PBXShellScriptBuildPhase;
			buildActionMask = 2147483647;
			files = (
			);
			inputFileListPaths = (
			);
			inputPaths = (
				"${PODS_PODFILE_DIR_PATH}/Podfile.lock",
				"${PODS_ROOT}/Manifest.lock",
			);
			name = "[CP] Check Pods Manifest.lock";
			outputFileListPaths = (
			);
			outputPaths = (
				"$(DERIVED_FILE_DIR)/Pods-instagram-checkManifestLockResult.txt",
			);
			runOnlyForDeploymentPostprocessing = 0;
			shellPath = /bin/sh;
			shellScript = "diff \"${PODS_PODFILE_DIR_PATH}/Podfile.lock\" \"${PODS_ROOT}/Manifest.lock\" > /dev/null\nif [ $? != 0 ] ; then\n    # print error to STDERR\n    echo \"error: The sandbox is not in sync with the Podfile.lock. Run 'pod install' or update your CocoaPods installation.\" >&2\n    exit 1\nfi\n# This output is used by Xcode 'outputs' to avoid re-running this script phase.\necho \"SUCCESS\" > \"${SCRIPT_OUTPUT_FILE_0}\"\n";
			showEnvVarsInLog = 0;
		};
		E9921A3FC4F82C417BB6618B /* [CP] Embed Pods Frameworks */ = {
			isa = PBXShellScriptBuildPhase;
			buildActionMask = 2147483647;
			files = (
			);
			inputFileListPaths = (
				"${PODS_ROOT}/Target Support Files/Pods-instagram/Pods-instagram-frameworks-${CONFIGURATION}-input-files.xcfilelist",
			);
			name = "[CP] Embed Pods Frameworks";
			outputFileListPaths = (
				"${PODS_ROOT}/Target Support Files/Pods-instagram/Pods-instagram-frameworks-${CONFIGURATION}-output-files.xcfilelist",
			);
			runOnlyForDeploymentPostprocessing = 0;
			shellPath = /bin/sh;
			shellScript = "\"${PODS_ROOT}/Target Support Files/Pods-instagram/Pods-instagram-frameworks.sh\"\n";
			showEnvVarsInLog = 0;
		};
/* End PBXShellScriptBuildPhase section */

/* Begin PBXSourcesBuildPhase section */
		D151C95F251CF1CE00953623 /* Sources */ = {
			isa = PBXSourcesBuildPhase;
			buildActionMask = 2147483647;
			files = (
				D151C9AA251D0A6200953623 /* Extensions.swift in Sources */,
				D151C991251CF43A00953623 /* EditProfileViewController.swift in Sources */,
				D151C980251CF32A00953623 /* ExploreViewController.swift in Sources */,
				D151C99D251CF4EE00953623 /* PublishPostViewController.swift in Sources */,
				D151C982251CF33900953623 /* CameraViewController.swift in Sources */,
				D151C984251CF35200953623 /* NotificationViewController.swift in Sources */,
				D151C98C251CF3C800953623 /* RegistrationViewController.swift in Sources */,
				D151C99B251CF4DC00953623 /* PostEditorViewController.swift in Sources */,
				D151C9A8251D05C400953623 /* StorageManager.swift in Sources */,
				D151C98F251CF41B00953623 /* PostViewController.swift in Sources */,
				D151C9A4251D04D400953623 /* DatabaseManager.swift in Sources */,
				D151C96B251CF1CE00953623 /* HomeViewController.swift in Sources */,
				D151C999251CF4A800953623 /* SearchResultViewController.swift in Sources */,
				D151C98A251CF3B900953623 /* LoginViewController.swift in Sources */,
				D151C997251CF49200953623 /* SearchViewController.swift in Sources */,
				D151C986251CF35D00953623 /* ProfileViewController.swift in Sources */,
				D151C9A6251D057800953623 /* AuthManager.swift in Sources */,
				D151C967251CF1CE00953623 /* AppDelegate.swift in Sources */,
				D151C969251CF1CE00953623 /* SceneDelegate.swift in Sources */,
				D151C995251CF48300953623 /* ListViewController.swift in Sources */,
				D151C993251CF47400953623 /* SettingsViewController.swift in Sources */,
			);
			runOnlyForDeploymentPostprocessing = 0;
		};
/* End PBXSourcesBuildPhase section */

/* Begin PBXVariantGroup section */
		D151C96C251CF1CE00953623 /* Main.storyboard */ = {
			isa = PBXVariantGroup;
			children = (
				D151C96D251CF1CE00953623 /* Base */,
			);
			name = Main.storyboard;
			sourceTree = "<group>";
		};
		D151C971251CF1D200953623 /* LaunchScreen.storyboard */ = {
			isa = PBXVariantGroup;
			children = (
				D151C972251CF1D200953623 /* Base */,
			);
			name = LaunchScreen.storyboard;
			sourceTree = "<group>";
		};
/* End PBXVariantGroup section */

/* Begin XCBuildConfiguration section */
		D151C975251CF1D200953623 /* Debug */ = {
			isa = XCBuildConfiguration;
			buildSettings = {
				ALWAYS_SEARCH_USER_PATHS = NO;
				CLANG_ANALYZER_NONNULL = YES;
				CLANG_ANALYZER_NUMBER_OBJECT_CONVERSION = YES_AGGRESSIVE;
				CLANG_CXX_LANGUAGE_STANDARD = "gnu++14";
				CLANG_CXX_LIBRARY = "libc++";
				CLANG_ENABLE_MODULES = YES;
				CLANG_ENABLE_OBJC_ARC = YES;
				CLANG_ENABLE_OBJC_WEAK = YES;
				CLANG_WARN_BLOCK_CAPTURE_AUTORELEASING = YES;
				CLANG_WARN_BOOL_CONVERSION = YES;
				CLANG_WARN_COMMA = YES;
				CLANG_WARN_CONSTANT_CONVERSION = YES;
				CLANG_WARN_DEPRECATED_OBJC_IMPLEMENTATIONS = YES;
				CLANG_WARN_DIRECT_OBJC_ISA_USAGE = YES_ERROR;
				CLANG_WARN_DOCUMENTATION_COMMENTS = YES;
				CLANG_WARN_EMPTY_BODY = YES;
				CLANG_WARN_ENUM_CONVERSION = YES;
				CLANG_WARN_INFINITE_RECURSION = YES;
				CLANG_WARN_INT_CONVERSION = YES;
				CLANG_WARN_NON_LITERAL_NULL_CONVERSION = YES;
				CLANG_WARN_OBJC_IMPLICIT_RETAIN_SELF = YES;
				CLANG_WARN_OBJC_LITERAL_CONVERSION = YES;
				CLANG_WARN_OBJC_ROOT_CLASS = YES_ERROR;
				CLANG_WARN_RANGE_LOOP_ANALYSIS = YES;
				CLANG_WARN_STRICT_PROTOTYPES = YES;
				CLANG_WARN_SUSPICIOUS_MOVE = YES;
				CLANG_WARN_UNGUARDED_AVAILABILITY = YES_AGGRESSIVE;
				CLANG_WARN_UNREACHABLE_CODE = YES;
				CLANG_WARN__DUPLICATE_METHOD_MATCH = YES;
				COPY_PHASE_STRIP = NO;
				DEBUG_INFORMATION_FORMAT = dwarf;
				ENABLE_STRICT_OBJC_MSGSEND = YES;
				ENABLE_TESTABILITY = YES;
				GCC_C_LANGUAGE_STANDARD = gnu11;
				GCC_DYNAMIC_NO_PIC = NO;
				GCC_NO_COMMON_BLOCKS = YES;
				GCC_OPTIMIZATION_LEVEL = 0;
				GCC_PREPROCESSOR_DEFINITIONS = (
					"DEBUG=1",
					"$(inherited)",
				);
				GCC_WARN_64_TO_32_BIT_CONVERSION = YES;
				GCC_WARN_ABOUT_RETURN_TYPE = YES_ERROR;
				GCC_WARN_UNDECLARED_SELECTOR = YES;
				GCC_WARN_UNINITIALIZED_AUTOS = YES_AGGRESSIVE;
				GCC_WARN_UNUSED_FUNCTION = YES;
				GCC_WARN_UNUSED_VARIABLE = YES;
				IPHONEOS_DEPLOYMENT_TARGET = 13.7;
				MTL_ENABLE_DEBUG_INFO = INCLUDE_SOURCE;
				MTL_FAST_MATH = YES;
				ONLY_ACTIVE_ARCH = YES;
				SDKROOT = iphoneos;
				SWIFT_ACTIVE_COMPILATION_CONDITIONS = DEBUG;
				SWIFT_OPTIMIZATION_LEVEL = "-Onone";
			};
			name = Debug;
		};
		D151C976251CF1D200953623 /* Release */ = {
			isa = XCBuildConfiguration;
			buildSettings = {
				ALWAYS_SEARCH_USER_PATHS = NO;
				CLANG_ANALYZER_NONNULL = YES;
				CLANG_ANALYZER_NUMBER_OBJECT_CONVERSION = YES_AGGRESSIVE;
				CLANG_CXX_LANGUAGE_STANDARD = "gnu++14";
				CLANG_CXX_LIBRARY = "libc++";
				CLANG_ENABLE_MODULES = YES;
				CLANG_ENABLE_OBJC_ARC = YES;
				CLANG_ENABLE_OBJC_WEAK = YES;
				CLANG_WARN_BLOCK_CAPTURE_AUTORELEASING = YES;
				CLANG_WARN_BOOL_CONVERSION = YES;
				CLANG_WARN_COMMA = YES;
				CLANG_WARN_CONSTANT_CONVERSION = YES;
				CLANG_WARN_DEPRECATED_OBJC_IMPLEMENTATIONS = YES;
				CLANG_WARN_DIRECT_OBJC_ISA_USAGE = YES_ERROR;
				CLANG_WARN_DOCUMENTATION_COMMENTS = YES;
				CLANG_WARN_EMPTY_BODY = YES;
				CLANG_WARN_ENUM_CONVERSION = YES;
				CLANG_WARN_INFINITE_RECURSION = YES;
				CLANG_WARN_INT_CONVERSION = YES;
				CLANG_WARN_NON_LITERAL_NULL_CONVERSION = YES;
				CLANG_WARN_OBJC_IMPLICIT_RETAIN_SELF = YES;
				CLANG_WARN_OBJC_LITERAL_CONVERSION = YES;
				CLANG_WARN_OBJC_ROOT_CLASS = YES_ERROR;
				CLANG_WARN_RANGE_LOOP_ANALYSIS = YES;
				CLANG_WARN_STRICT_PROTOTYPES = YES;
				CLANG_WARN_SUSPICIOUS_MOVE = YES;
				CLANG_WARN_UNGUARDED_AVAILABILITY = YES_AGGRESSIVE;
				CLANG_WARN_UNREACHABLE_CODE = YES;
				CLANG_WARN__DUPLICATE_METHOD_MATCH = YES;
				COPY_PHASE_STRIP = NO;
				DEBUG_INFORMATION_FORMAT = "dwarf-with-dsym";
				ENABLE_NS_ASSERTIONS = NO;
				ENABLE_STRICT_OBJC_MSGSEND = YES;
				GCC_C_LANGUAGE_STANDARD = gnu11;
				GCC_NO_COMMON_BLOCKS = YES;
				GCC_WARN_64_TO_32_BIT_CONVERSION = YES;
				GCC_WARN_ABOUT_RETURN_TYPE = YES_ERROR;
				GCC_WARN_UNDECLARED_SELECTOR = YES;
				GCC_WARN_UNINITIALIZED_AUTOS = YES_AGGRESSIVE;
				GCC_WARN_UNUSED_FUNCTION = YES;
				GCC_WARN_UNUSED_VARIABLE = YES;
				IPHONEOS_DEPLOYMENT_TARGET = 13.7;
				MTL_ENABLE_DEBUG_INFO = NO;
				MTL_FAST_MATH = YES;
				SDKROOT = iphoneos;
				SWIFT_COMPILATION_MODE = wholemodule;
				SWIFT_OPTIMIZATION_LEVEL = "-O";
				VALIDATE_PRODUCT = YES;
			};
			name = Release;
		};
		D151C978251CF1D200953623 /* Debug */ = {
			isa = XCBuildConfiguration;
			baseConfigurationReference = FF1CB98D88F909206149E390 /* Pods-instagram.debug.xcconfig */;
			buildSettings = {
				ASSETCATALOG_COMPILER_APPICON_NAME = AppIcon;
				CODE_SIGN_STYLE = Automatic;
				INFOPLIST_FILE = instagram/Info.plist;
				IPHONEOS_DEPLOYMENT_TARGET = 13.0;
				LD_RUNPATH_SEARCH_PATHS = (
					"$(inherited)",
					"@executable_path/Frameworks",
				);
				PRODUCT_BUNDLE_IDENTIFIER = yshkd.instagram;
				PRODUCT_NAME = "$(TARGET_NAME)";
				SWIFT_VERSION = 5.0;
				TARGETED_DEVICE_FAMILY = "1,2";
			};
			name = Debug;
		};
		D151C979251CF1D200953623 /* Release */ = {
			isa = XCBuildConfiguration;
			baseConfigurationReference = 83F4CAB381B860A8AA257B60 /* Pods-instagram.release.xcconfig */;
			buildSettings = {
				ASSETCATALOG_COMPILER_APPICON_NAME = AppIcon;
				CODE_SIGN_STYLE = Automatic;
				INFOPLIST_FILE = instagram/Info.plist;
				IPHONEOS_DEPLOYMENT_TARGET = 13.0;
				LD_RUNPATH_SEARCH_PATHS = (
					"$(inherited)",
					"@executable_path/Frameworks",
				);
				PRODUCT_BUNDLE_IDENTIFIER = yshkd.instagram;
				PRODUCT_NAME = "$(TARGET_NAME)";
				SWIFT_VERSION = 5.0;
				TARGETED_DEVICE_FAMILY = "1,2";
			};
			name = Release;
		};
/* End XCBuildConfiguration section */

/* Begin XCConfigurationList section */
		D151C95E251CF1CE00953623 /* Build configuration list for PBXProject "instagram" */ = {
			isa = XCConfigurationList;
			buildConfigurations = (
				D151C975251CF1D200953623 /* Debug */,
				D151C976251CF1D200953623 /* Release */,
			);
			defaultConfigurationIsVisible = 0;
			defaultConfigurationName = Release;
		};
		D151C977251CF1D200953623 /* Build configuration list for PBXNativeTarget "instagram" */ = {
			isa = XCConfigurationList;
			buildConfigurations = (
				D151C978251CF1D200953623 /* Debug */,
				D151C979251CF1D200953623 /* Release */,
			);
			defaultConfigurationIsVisible = 0;
			defaultConfigurationName = Release;
		};
/* End XCConfigurationList section */
	};
	rootObject = D151C95B251CF1CE00953623 /* Project object */;
}
